
Microsoft Visual Studio Solution File, Format Version 12.00
# Visual Studio Version 17
VisualStudioVersion = 17.6.33723.286
MinimumVisualStudioVersion = 10.0.40219.1
Project("{FAE04EC0-301F-11D3-BF4B-00C04F79EFBC}") = "HS-TopStyleWebApi", "HS-TopStyleWebApi\HS-TopStyleWebApi.csproj", "{B2817903-70C6-41B3-9475-BC6500C14031}"
EndProject
Global
	GlobalSection(SolutionConfigurationPlatforms) = preSolution
		Debug|Any CPU = Debug|Any CPU
		Release|Any CPU = Release|Any CPU
	EndGlobalSection
	GlobalSection(ProjectConfigurationPlatforms) = postSolution
		{B2817903-70C6-41B3-9475-BC6500C14031}.Debug|Any CPU.ActiveCfg = Debug|Any CPU
		{B2817903-70C6-41B3-9475-BC6500C14031}.Debug|Any CPU.Build.0 = Debug|Any CPU
		{B2817903-70C6-41B3-9475-BC6500C14031}.Release|Any CPU.ActiveCfg = Release|Any CPU
		{B2817903-70C6-41B3-9475-BC6500C14031}.Release|Any CPU.Build.0 = Release|Any CPU
	EndGlobalSection
	GlobalSection(SolutionProperties) = preSolution
		HideSolutionNode = FALSE
	EndGlobalSection
	GlobalSection(ExtensibilityGlobals) = postSolution
		SolutionGuid = {AC19FE69-2F5D-4454-81F0-9C7C09F89C4C}
	EndGlobalSection
EndGlobal
